
Microsoft Visual Studio Solution File, Format Version 12.00
# Visual Studio 15
VisualStudioVersion = 15.0.27703.2000
MinimumVisualStudioVersion = 10.0.40219.1
Project("{FAE04EC0-301F-11D3-BF4B-00C04F79EFBC}") = "Vidly", "Vidly\Vidly.csproj", "{D89BB728-607D-42FD-86C5-A489A15926FA}"
EndProject
Global
	GlobalSection(SolutionConfigurationPlatforms) = preSolution
		Debug|Any CPU = Debug|Any CPU
		Release|Any CPU = Release|Any CPU
	EndGlobalSection
	GlobalSection(ProjectConfigurationPlatforms) = postSolution
		{D89BB728-607D-42FD-86C5-A489A15926FA}.Debug|Any CPU.ActiveCfg = Debug|Any CPU
		{D89BB728-607D-42FD-86C5-A489A15926FA}.Debug|Any CPU.Build.0 = Debug|Any CPU
		{D89BB728-607D-42FD-86C5-A489A15926FA}.Release|Any CPU.ActiveCfg = Release|Any CPU
		{D89BB728-607D-42FD-86C5-A489A15926FA}.Release|Any CPU.Build.0 = Release|Any CPU
	EndGlobalSection
	GlobalSection(SolutionProperties) = preSolution
		HideSolutionNode = FALSE
	EndGlobalSection
	GlobalSection(ExtensibilityGlobals) = postSolution
		SolutionGuid = {D8D2511E-EDB4-4BD8-8A9C-DFD344E371E9}
	EndGlobalSection
EndGlobal
